
Microsoft Visual Studio Solution File, Format Version 12.00
# Visual Studio Version 16
VisualStudioVersion = 16.0.31205.134
MinimumVisualStudioVersion = 10.0.40219.1
Project("{FAE04EC0-301F-11D3-BF4B-00C04F79EFBC}") = "WebAPI", "WebAPI\WebAPI.csproj", "{E179B3E4-3933-4E99-AFD1-80DE7DC7B5DB}"
EndProject
Global
	GlobalSection(SolutionConfigurationPlatforms) = preSolution
		Debug|Any CPU = Debug|Any CPU
		Release|Any CPU = Release|Any CPU
	EndGlobalSection
	GlobalSection(ProjectConfigurationPlatforms) = postSolution
		{E179B3E4-3933-4E99-AFD1-80DE7DC7B5DB}.Debug|Any CPU.ActiveCfg = Debug|Any CPU
		{E179B3E4-3933-4E99-AFD1-80DE7DC7B5DB}.Debug|Any CPU.Build.0 = Debug|Any CPU
		{E179B3E4-3933-4E99-AFD1-80DE7DC7B5DB}.Release|Any CPU.ActiveCfg = Release|Any CPU
		{E179B3E4-3933-4E99-AFD1-80DE7DC7B5DB}.Release|Any CPU.Build.0 = Release|Any CPU
	EndGlobalSection
	GlobalSection(SolutionProperties) = preSolution
		HideSolutionNode = FALSE
	EndGlobalSection
	GlobalSection(ExtensibilityGlobals) = postSolution
		SolutionGuid = {4316AEAD-CD44-4C72-8E85-472098A12F16}
	EndGlobalSection
EndGlobal
